Microsoft Visual Studio Solution File, Format Version 12.00
# Visual Studio Version 17
VisualStudioVersion = 17.5.2.0
MinimumVisualStudioVersion = 10.0.40219.1
Project("{FAE04EC0-301F-11D3-BF4B-00C04F79EFBC}") = "WhisperLyrics", "WhisperLyrics.csproj", "{3D6FF4D0-177A-8BC8-499D-2E2AA533D606}"
EndProject
Global
	GlobalSection(SolutionConfigurationPlatforms) = preSolution
		Debug|Any CPU = Debug|Any CPU
		Release|Any CPU = Release|Any CPU
	EndGlobalSection
	GlobalSection(ProjectConfigurationPlatforms) = postSolution
		{3D6FF4D0-177A-8BC8-499D-2E2AA533D606}.Debug|Any CPU.ActiveCfg = Debug|Any CPU
		{3D6FF4D0-177A-8BC8-499D-2E2AA533D606}.Debug|Any CPU.Build.0 = Debug|Any CPU
		{3D6FF4D0-177A-8BC8-499D-2E2AA533D606}.Release|Any CPU.ActiveCfg = Release|Any CPU
		{3D6FF4D0-177A-8BC8-499D-2E2AA533D606}.Release|Any CPU.Build.0 = Release|Any CPU
	EndGlobalSection
	GlobalSection(SolutionProperties) = preSolution
		HideSolutionNode = FALSE
	EndGlobalSection
	GlobalSection(ExtensibilityGlobals) = postSolution
		SolutionGuid = {E7CDDCE1-5897-4A96-B040-39A0CB544C87}
	EndGlobalSection
EndGlobal
